
Microsoft Visual Studio Solution File, Format Version 12.00
# Visual Studio Version 16
VisualStudioVersion = 16.0.30611.23
MinimumVisualStudioVersion = 10.0.40219.1
Project("{FAE04EC0-301F-11D3-BF4B-00C04F79EFBC}") = "nVadi.Demo", "nVadi.Demo\nVadi.Demo.csproj", "{BC4E0595-75D1-4426-AAD1-1E406D2A6F88}"
EndProject
Global
	GlobalSection(SolutionConfigurationPlatforms) = preSolution
		Debug|Any CPU = Debug|Any CPU
		Release|Any CPU = Release|Any CPU
	EndGlobalSection
	GlobalSection(ProjectConfigurationPlatforms) = postSolution
		{BC4E0595-75D1-4426-AAD1-1E406D2A6F88}.Debug|Any CPU.ActiveCfg = Debug|Any CPU
		{BC4E0595-75D1-4426-AAD1-1E406D2A6F88}.Debug|Any CPU.Build.0 = Debug|Any CPU
		{BC4E0595-75D1-4426-AAD1-1E406D2A6F88}.Release|Any CPU.ActiveCfg = Release|Any CPU
		{BC4E0595-75D1-4426-AAD1-1E406D2A6F88}.Release|Any CPU.Build.0 = Release|Any CPU
	EndGlobalSection
	GlobalSection(SolutionProperties) = preSolution
		HideSolutionNode = FALSE
	EndGlobalSection
	GlobalSection(ExtensibilityGlobals) = postSolution
		SolutionGuid = {6443FACE-B6B1-4A66-A4A5-90B7F2B6C713}
	EndGlobalSection
EndGlobal
